
Microsoft Visual Studio Solution File, Format Version 12.00
# Visual Studio Version 17
VisualStudioVersion = 17.0.31903.59
MinimumVisualStudioVersion = 10.0.40219.1
Project("{2150E333-8FDC-42A3-9474-1A3956D46DE8}") = "src", "src", "{827E0CD3-B72D-47B6-A68D-7590B98EB39B}"
EndProject
Project("{FAE04EC0-301F-11D3-BF4B-00C04F79EFBC}") = "Cnn.Api", "src\Cnn.Api\Cnn.Api.csproj", "{EBAC6AD4-6112-4DC7-ABE6-1C241439DFDF}"
EndProject
Project("{FAE04EC0-301F-11D3-BF4B-00C04F79EFBC}") = "Cnn.Agent", "src\Cnn.Agent\Cnn.Agent.csproj", "{B81EA587-5018-4983-9217-2DA25A3F723F}"
EndProject
Project("{2150E333-8FDC-42A3-9474-1A3956D46DE8}") = "tests", "tests", "{0AB3BF05-4346-4AA6-1389-037BE0695223}"
EndProject
Project("{FAE04EC0-301F-11D3-BF4B-00C04F79EFBC}") = "Cnn.Agent.Tests", "tests\Cnn.Agent.Tests\Cnn.Agent.Tests.csproj", "{424AE4C7-8894-400C-B010-CA84D3999896}"
EndProject
Project("{FAE04EC0-301F-11D3-BF4B-00C04F79EFBC}") = "Cnn.Api.Tests", "tests\Cnn.Api.Tests\Cnn.Api.Tests.csproj", "{2A01EB75-8690-4979-9C99-80A30E4B2014}"
EndProject
Project("{FAE04EC0-301F-11D3-BF4B-00C04F79EFBC}") = "Cnn.Common", "src\Cnn.Common\Cnn.Common.csproj", "{3BB1178A-EA3A-42DF-997E-41A9305CAD31}"
EndProject
Global
	GlobalSection(SolutionConfigurationPlatforms) = preSolution
		Debug|Any CPU = Debug|Any CPU
		Debug|x64 = Debug|x64
		Debug|x86 = Debug|x86
		Release|Any CPU = Release|Any CPU
		Release|x64 = Release|x64
		Release|x86 = Release|x86
	EndGlobalSection
	GlobalSection(ProjectConfigurationPlatforms) = postSolution
		{EBAC6AD4-6112-4DC7-ABE6-1C241439DFDF}.Debug|Any CPU.ActiveCfg = Debug|Any CPU
		{EBAC6AD4-6112-4DC7-ABE6-1C241439DFDF}.Debug|Any CPU.Build.0 = Debug|Any CPU
		{EBAC6AD4-6112-4DC7-ABE6-1C241439DFDF}.Debug|x64.ActiveCfg = Debug|Any CPU
		{EBAC6AD4-6112-4DC7-ABE6-1C241439DFDF}.Debug|x64.Build.0 = Debug|Any CPU
		{EBAC6AD4-6112-4DC7-ABE6-1C241439DFDF}.Debug|x86.ActiveCfg = Debug|Any CPU
		{EBAC6AD4-6112-4DC7-ABE6-1C241439DFDF}.Debug|x86.Build.0 = Debug|Any CPU
		{EBAC6AD4-6112-4DC7-ABE6-1C241439DFDF}.Release|Any CPU.ActiveCfg = Release|Any CPU
		{EBAC6AD4-6112-4DC7-ABE6-1C241439DFDF}.Release|Any CPU.Build.0 = Release|Any CPU
		{EBAC6AD4-6112-4DC7-ABE6-1C241439DFDF}.Release|x64.ActiveCfg = Release|Any CPU
		{EBAC6AD4-6112-4DC7-ABE6-1C241439DFDF}.Release|x64.Build.0 = Release|Any CPU
		{EBAC6AD4-6112-4DC7-ABE6-1C241439DFDF}.Release|x86.ActiveCfg = Release|Any CPU
		{EBAC6AD4-6112-4DC7-ABE6-1C241439DFDF}.Release|x86.Build.0 = Release|Any CPU
		{B81EA587-5018-4983-9217-2DA25A3F723F}.Debug|Any CPU.ActiveCfg = Debug|Any CPU
		{B81EA587-5018-4983-9217-2DA25A3F723F}.Debug|Any CPU.Build.0 = Debug|Any CPU
		{B81EA587-5018-4983-9217-2DA25A3F723F}.Debug|x64.ActiveCfg = Debug|Any CPU
		{B81EA587-5018-4983-9217-2DA25A3F723F}.Debug|x64.Build.0 = Debug|Any CPU
		{B81EA587-5018-4983-9217-2DA25A3F723F}.Debug|x86.ActiveCfg = Debug|Any CPU
		{B81EA587-5018-4983-9217-2DA25A3F723F}.Debug|x86.Build.0 = Debug|Any CPU
		{B81EA587-5018-4983-9217-2DA25A3F723F}.Release|Any CPU.ActiveCfg = Release|Any CPU
		{B81EA587-5018-4983-9217-2DA25A3F723F}.Release|Any CPU.Build.0 = Release|Any CPU
		{B81EA587-5018-4983-9217-2DA25A3F723F}.Release|x64.ActiveCfg = Release|Any CPU
		{B81EA587-5018-4983-9217-2DA25A3F723F}.Release|x64.Build.0 = Release|Any CPU
		{B81EA587-5018-4983-9217-2DA25A3F723F}.Release|x86.ActiveCfg = Release|Any CPU
		{B81EA587-5018-4983-9217-2DA25A3F723F}.Release|x86.Build.0 = Release|Any CPU
		{424AE4C7-8894-400C-B010-CA84D3999896}.Debug|Any CPU.ActiveCfg = Debug|Any CPU
		{424AE4C7-8894-400C-B010-CA84D3999896}.Debug|Any CPU.Build.0 = Debug|Any CPU
		{424AE4C7-8894-400C-B010-CA84D3999896}.Debug|x64.ActiveCfg = Debug|Any CPU
		{424AE4C7-8894-400C-B010-CA84D3999896}.Debug|x64.Build.0 = Debug|Any CPU
		{424AE4C7-8894-400C-B010-CA84D3999896}.Debug|x86.ActiveCfg = Debug|Any CPU
		{424AE4C7-8894-400C-B010-CA84D3999896}.Debug|x86.Build.0 = Debug|Any CPU
		{424AE4C7-8894-400C-B010-CA84D3999896}.Release|Any CPU.ActiveCfg = Release|Any CPU
		{424AE4C7-8894-400C-B010-CA84D3999896}.Release|Any CPU.Build.0 = Release|Any CPU
		{424AE4C7-8894-400C-B010-CA84D3999896}.Release|x64.ActiveCfg = Release|Any CPU
		{424AE4C7-8894-400C-B010-CA84D3999896}.Release|x64.Build.0 = Release|Any CPU
		{424AE4C7-8894-400C-B010-CA84D3999896}.Release|x86.ActiveCfg = Release|Any CPU
		{424AE4C7-8894-400C-B010-CA84D3999896}.Release|x86.Build.0 = Release|Any CPU
		{2A01EB75-8690-4979-9C99-80A30E4B2014}.Debug|Any CPU.ActiveCfg = Debug|Any CPU
		{2A01EB75-8690-4979-9C99-80A30E4B2014}.Debug|Any CPU.Build.0 = Debug|Any CPU
		{2A01EB75-8690-4979-9C99-80A30E4B2014}.Debug|x64.ActiveCfg = Debug|Any CPU
		{2A01EB75-8690-4979-9C99-80A30E4B2014}.Debug|x64.Build.0 = Debug|Any CPU
		{2A01EB75-8690-4979-9C99-80A30E4B2014}.Debug|x86.ActiveCfg = Debug|Any CPU
		{2A01EB75-8690-4979-9C99-80A30E4B2014}.Debug|x86.Build.0 = Debug|Any CPU
		{2A01EB75-8690-4979-9C99-80A30E4B2014}.Release|Any CPU.ActiveCfg = Release|Any CPU
		{2A01EB75-8690-4979-9C99-80A30E4B2014}.Release|Any CPU.Build.0 = Release|Any CPU
		{2A01EB75-8690-4979-9C99-80A30E4B2014}.Release|x64.ActiveCfg = Release|Any CPU
		{2A01EB75-8690-4979-9C99-80A30E4B2014}.Release|x64.Build.0 = Release|Any CPU
		{2A01EB75-8690-4979-9C99-80A30E4B2014}.Release|x86.ActiveCfg = Release|Any CPU
		{2A01EB75-8690-4979-9C99-80A30E4B2014}.Release|x86.Build.0 = Release|Any CPU
		{3BB1178A-EA3A-42DF-997E-41A9305CAD31}.Debug|Any CPU.ActiveCfg = Debug|Any CPU
		{3BB1178A-EA3A-42DF-997E-41A9305CAD31}.Debug|Any CPU.Build.0 = Debug|Any CPU
		{3BB1178A-EA3A-42DF-997E-41A9305CAD31}.Debug|x64.ActiveCfg = Debug|Any CPU
		{3BB1178A-EA3A-42DF-997E-41A9305CAD31}.Debug|x64.Build.0 = Debug|Any CPU
		{3BB1178A-EA3A-42DF-997E-41A9305CAD31}.Debug|x86.ActiveCfg = Debug|Any CPU
		{3BB1178A-EA3A-42DF-997E-41A9305CAD31}.Debug|x86.Build.0 = Debug|Any CPU
		{3BB1178A-EA3A-42DF-997E-41A9305CAD31}.Release|Any CPU.ActiveCfg = Release|Any CPU
		{3BB1178A-EA3A-42DF-997E-41A9305CAD31}.Release|Any CPU.Build.0 = Release|Any CPU
		{3BB1178A-EA3A-42DF-997E-41A9305CAD31}.Release|x64.ActiveCfg = Release|Any CPU
		{3BB1178A-EA3A-42DF-997E-41A9305CAD31}.Release|x64.Build.0 = Release|Any CPU
		{3BB1178A-EA3A-42DF-997E-41A9305CAD31}.Release|x86.ActiveCfg = Release|Any CPU
		{3BB1178A-EA3A-42DF-997E-41A9305CAD31}.Release|x86.Build.0 = Release|Any CPU
	EndGlobalSection
	GlobalSection(SolutionProperties) = preSolution
		HideSolutionNode = FALSE
	EndGlobalSection
	GlobalSection(NestedProjects) = preSolution
		{EBAC6AD4-6112-4DC7-ABE6-1C241439DFDF} = {827E0CD3-B72D-47B6-A68D-7590B98EB39B}
		{B81EA587-5018-4983-9217-2DA25A3F723F} = {827E0CD3-B72D-47B6-A68D-7590B98EB39B}
		{424AE4C7-8894-400C-B010-CA84D3999896} = {0AB3BF05-4346-4AA6-1389-037BE0695223}
		{2A01EB75-8690-4979-9C99-80A30E4B2014} = {0AB3BF05-4346-4AA6-1389-037BE0695223}
		{3BB1178A-EA3A-42DF-997E-41A9305CAD31} = {827E0CD3-B72D-47B6-A68D-7590B98EB39B}
	EndGlobalSection
EndGlobal
